# @generated - this file is auto-generated by `mise lock` https://mise.jdx.dev/dev-tools/mise-lock.html

[[tools.awscli]]
version = "2.34.1"
backend = "aqua:aws/aws-cli"

[tools.awscli."platforms.linux-x64"]
url = "https://awscli.amazonaws.com/awscli-exe-linux-x86_64-2.34.1.zip"

[tools.awscli."platforms.macos-arm64"]
url = "https://awscli.amazonaws.com/AWSCLIV2-2.34.1.pkg"

[[tools.node]]
version = "22.6.0"
backend = "core:node"

[tools.node."platforms.linux-x64"]
checksum = "sha256:f2f4ccbcbc0a443e5fadebd1149a22f96087ec09cef52ff343a15ee835206d96"
url = "https://nodejs.org/dist/v22.6.0/node-v22.6.0-linux-x64.tar.gz"

[tools.node."platforms.macos-arm64"]
checksum = "sha256:9ea60766807cd3c3a3ad6ad419f98918d634a60fe8dea5b9c07507ed0f176d4c"
url = "https://nodejs.org/dist/v22.6.0/node-v22.6.0-darwin-arm64.tar.gz"

[[tools.pandoc]]
version = "2.9.2.1"
backend = "github:jgm/pandoc"

[tools.pandoc."platforms.linux-x64"]
url = "https://github.com/jgm/pandoc/releases/download/2.9.2.1/pandoc-2.9.2.1-linux-amd64.tar.gz"
url_api = "https://api.github.com/repos/jgm/pandoc/releases/assets/18935984"

[tools.pandoc."platforms.macos-arm64"]
url = "https://github.com/jgm/pandoc/releases/download/2.9.2.1/pandoc-2.9.2.1-macOS.zip"
url_api = "https://api.github.com/repos/jgm/pandoc/releases/assets/18936002"

[[tools.python]]
version = "3.12.0"
backend = "core:python"

[tools.python."platforms.linux-x64"]
checksum = "sha256:e51a5293f214053ddb4645b2c9f84542e2ef86870b8655704367bd4b29d39fe9"
url = "https://github.com/astral-sh/python-build-standalone/releases/download/20231002/cpython-3.12.0+20231002-x86_64-unknown-linux-gnu-install_only.tar.gz"

[tools.python."platforms.macos-arm64"]
checksum = "sha256:4734a2be2becb813830112c780c9879ac3aff111a0b0cd590e65ec7465774d02"
url = "https://github.com/astral-sh/python-build-standalone/releases/download/20231002/cpython-3.12.0+20231002-aarch64-apple-darwin-install_only.tar.gz"

[[tools.ruby]]
version = "4.0.2"
backend = "asdf:ruby"

[[tools.terraform]]
version = "1.14.6"
backend = "aqua:hashicorp/terraform"

[tools.terraform."platforms.linux-x64"]
checksum = "sha256:364c6ee08b0cb8fcbb28a115aacb2aa48e88abc56c149170bd65c2f75d98ea8d"
url = "https://releases.hashicorp.com/terraform/1.14.6/terraform_1.14.6_linux_amd64.zip"

[tools.terraform."platforms.macos-arm64"]
checksum = "sha256:5d91a8d6877e792de00be8db2324a2561edeb312ec2ff141b877131b82622c76"
url = "https://releases.hashicorp.com/terraform/1.14.6/terraform_1.14.6_darwin_arm64.zip"
